# This file was autogenerated by Stack.
# You should not edit this file by hand.
# For more information, please see the documentation at:
#   https://docs.haskellstack.org/en/stable/lock_files

packages:
- completed:
    cabal-file:
      size: 1826
      sha256: 8e3f232ea1e94f2abea37af699e5804243fbc9063c22a6af21711bd75d14b480
    name: HFuse
    version: 0.2.5.0
    git: https://github.com/michivi/hfuse.git
    pantry-tree:
      size: 469
      sha256: aad6dcc18b88dc7de6669e85109cacbebc3927885010ba55d7eff0732e025767
    commit: 96a3c677c50ba3b987d6237c2b0ff7cbe634e78b
  original:
    git: https://github.com/michivi/hfuse.git
    commit: 96a3c677c50ba3b987d6237c2b0ff7cbe634e78b
snapshots:
- completed:
    size: 532380
    url: https://raw.githubusercontent.com/commercialhaskell/stackage-snapshots/master/lts/16/15.yaml
    sha256: 3b5f2a699aa5ed3abbc30410062bf743926f0868ce3eeb5655370c6c6cc1a9f4
  original: lts-16.15
