# This file was autogenerated by Stack.
# You should not edit this file by hand.
# For more information, please see the documentation at:
#   https://docs.haskellstack.org/en/stable/lock_files

packages:
- completed:
    cabal-file:
      size: 1769
      sha256: 5da7f41abefcd36a841e8abc2963cc53a15081caa44da5b94fc119cf3433f1c1
    name: HFuse
    version: 0.2.5.0
    git: https://github.com/michivi/hfuse.git
    pantry-tree:
      size: 469
      sha256: 8f26d73bfe8dd841d057a9937fca82b37977ad819a2fb33dab88768f9dbbf778
    commit: c305f26b426680d74b8567ddda5cc10b6db56a03
  original:
    git: https://github.com/michivi/hfuse.git
    commit: c305f26b426680d74b8567ddda5cc10b6db56a03
- completed:
    cabal-file:
      size: 3487
      sha256: 5a1cdf87bf3079b7d3abace1f94eeb3c597c687a38a08ee2908783e609271467
    name: pure-zlib
    version: 0.6.7
    git: https://github.com/GaloisInc/pure-zlib.git
    pantry-tree:
      size: 2552
      sha256: 5218eb6a763dd8683935791e40646e1e8704c18cbb6882db7a1ceca32b568a50
    commit: 813b6d3160994feee3e0b094e214eed0d5159e92
  original:
    git: https://github.com/GaloisInc/pure-zlib.git
    commit: 813b6d3160994feee3e0b094e214eed0d5159e92
snapshots:
- completed:
    size: 532380
    url: https://raw.githubusercontent.com/commercialhaskell/stackage-snapshots/master/lts/16/15.yaml
    sha256: 3b5f2a699aa5ed3abbc30410062bf743926f0868ce3eeb5655370c6c6cc1a9f4
  original: lts-16.15
